
Microsoft Visual Studio Solution File, Format Version 12.00
# Visual Studio Version 17
VisualStudioVersion = 17.9.34714.143
MinimumVisualStudioVersion = 10.0.40219.1
Project("{FAE04EC0-301F-11D3-BF4B-00C04F79EFBC}") = "Power of Two", "Power of Two.csproj", "{F6260DFC-88D7-4D83-8C06-4FB7F99209F9}"
EndProject
Global
	GlobalSection(SolutionConfigurationPlatforms) = preSolution
		Debug|Any CPU = Debug|Any CPU
		Release|Any CPU = Release|Any CPU
	EndGlobalSection
	GlobalSection(ProjectConfigurationPlatforms) = postSolution
		{F6260DFC-88D7-4D83-8C06-4FB7F99209F9}.Debug|Any CPU.ActiveCfg = Debug|Any CPU
		{F6260DFC-88D7-4D83-8C06-4FB7F99209F9}.Debug|Any CPU.Build.0 = Debug|Any CPU
		{F6260DFC-88D7-4D83-8C06-4FB7F99209F9}.Release|Any CPU.ActiveCfg = Release|Any CPU
		{F6260DFC-88D7-4D83-8C06-4FB7F99209F9}.Release|Any CPU.Build.0 = Release|Any CPU
	EndGlobalSection
	GlobalSection(SolutionProperties) = preSolution
		HideSolutionNode = FALSE
	EndGlobalSection
	GlobalSection(ExtensibilityGlobals) = postSolution
		SolutionGuid = {10FC5A5B-348C-45CE-A4EF-FF29CAA84698}
	EndGlobalSection
EndGlobal
