
Microsoft Visual Studio Solution File, Format Version 12.00
# Visual Studio Version 17
VisualStudioVersion = 17.9.34714.143
MinimumVisualStudioVersion = 10.0.40219.1
Project("{FAE04EC0-301F-11D3-BF4B-00C04F79EFBC}") = "LengthOfLastWord", "LengthOfLastWord.csproj", "{A9849F8F-83BB-468A-A812-CA19A4738C9E}"
EndProject
Global
	GlobalSection(SolutionConfigurationPlatforms) = preSolution
		Debug|Any CPU = Debug|Any CPU
		Release|Any CPU = Release|Any CPU
	EndGlobalSection
	GlobalSection(ProjectConfigurationPlatforms) = postSolution
		{A9849F8F-83BB-468A-A812-CA19A4738C9E}.Debug|Any CPU.ActiveCfg = Debug|Any CPU
		{A9849F8F-83BB-468A-A812-CA19A4738C9E}.Debug|Any CPU.Build.0 = Debug|Any CPU
		{A9849F8F-83BB-468A-A812-CA19A4738C9E}.Release|Any CPU.ActiveCfg = Release|Any CPU
		{A9849F8F-83BB-468A-A812-CA19A4738C9E}.Release|Any CPU.Build.0 = Release|Any CPU
	EndGlobalSection
	GlobalSection(SolutionProperties) = preSolution
		HideSolutionNode = FALSE
	EndGlobalSection
	GlobalSection(ExtensibilityGlobals) = postSolution
		SolutionGuid = {24FEDDAA-6181-4FB7-A487-4DBB8EC1EF39}
	EndGlobalSection
EndGlobal
