
Microsoft Visual Studio Solution File, Format Version 12.00
# Visual Studio Version 17
VisualStudioVersion = 17.9.34714.143
MinimumVisualStudioVersion = 10.0.40219.1
Project("{FAE04EC0-301F-11D3-BF4B-00C04F79EFBC}") = "Contains Duplicate II", "Contains Duplicate II.csproj", "{B6FAC860-0B2A-4859-909F-C8F381A61D23}"
EndProject
Global
	GlobalSection(SolutionConfigurationPlatforms) = preSolution
		Debug|Any CPU = Debug|Any CPU
		Release|Any CPU = Release|Any CPU
	EndGlobalSection
	GlobalSection(ProjectConfigurationPlatforms) = postSolution
		{B6FAC860-0B2A-4859-909F-C8F381A61D23}.Debug|Any CPU.ActiveCfg = Debug|Any CPU
		{B6FAC860-0B2A-4859-909F-C8F381A61D23}.Debug|Any CPU.Build.0 = Debug|Any CPU
		{B6FAC860-0B2A-4859-909F-C8F381A61D23}.Release|Any CPU.ActiveCfg = Release|Any CPU
		{B6FAC860-0B2A-4859-909F-C8F381A61D23}.Release|Any CPU.Build.0 = Release|Any CPU
	EndGlobalSection
	GlobalSection(SolutionProperties) = preSolution
		HideSolutionNode = FALSE
	EndGlobalSection
	GlobalSection(ExtensibilityGlobals) = postSolution
		SolutionGuid = {685DCCB3-0433-4FD7-AD8A-5CEE3DA1C7A7}
	EndGlobalSection
EndGlobal
