
Microsoft Visual Studio Solution File, Format Version 12.00
# Visual Studio Version 17
VisualStudioVersion = 17.9.34714.143
MinimumVisualStudioVersion = 10.0.40219.1
Project("{FAE04EC0-301F-11D3-BF4B-00C04F79EFBC}") = "Counting Words With a Given Prefix", "Counting Words With a Given Prefix.csproj", "{AA096FAD-BC46-4E74-B66A-F223538CB962}"
EndProject
Global
	GlobalSection(SolutionConfigurationPlatforms) = preSolution
		Debug|Any CPU = Debug|Any CPU
		Release|Any CPU = Release|Any CPU
	EndGlobalSection
	GlobalSection(ProjectConfigurationPlatforms) = postSolution
		{AA096FAD-BC46-4E74-B66A-F223538CB962}.Debug|Any CPU.ActiveCfg = Debug|Any CPU
		{AA096FAD-BC46-4E74-B66A-F223538CB962}.Debug|Any CPU.Build.0 = Debug|Any CPU
		{AA096FAD-BC46-4E74-B66A-F223538CB962}.Release|Any CPU.ActiveCfg = Release|Any CPU
		{AA096FAD-BC46-4E74-B66A-F223538CB962}.Release|Any CPU.Build.0 = Release|Any CPU
	EndGlobalSection
	GlobalSection(SolutionProperties) = preSolution
		HideSolutionNode = FALSE
	EndGlobalSection
	GlobalSection(ExtensibilityGlobals) = postSolution
		SolutionGuid = {C49B7855-99AB-4AC6-8512-FD5F02960FFD}
	EndGlobalSection
EndGlobal
