
Microsoft Visual Studio Solution File, Format Version 12.00
# Visual Studio Version 17
VisualStudioVersion = 17.9.34714.143
MinimumVisualStudioVersion = 10.0.40219.1
Project("{FAE04EC0-301F-11D3-BF4B-00C04F79EFBC}") = "Integer to Roman", "Integer to Roman.csproj", "{A7EF23C5-AA33-4630-8041-9C7F9BA15FB9}"
EndProject
Global
	GlobalSection(SolutionConfigurationPlatforms) = preSolution
		Debug|Any CPU = Debug|Any CPU
		Release|Any CPU = Release|Any CPU
	EndGlobalSection
	GlobalSection(ProjectConfigurationPlatforms) = postSolution
		{A7EF23C5-AA33-4630-8041-9C7F9BA15FB9}.Debug|Any CPU.ActiveCfg = Debug|Any CPU
		{A7EF23C5-AA33-4630-8041-9C7F9BA15FB9}.Debug|Any CPU.Build.0 = Debug|Any CPU
		{A7EF23C5-AA33-4630-8041-9C7F9BA15FB9}.Release|Any CPU.ActiveCfg = Release|Any CPU
		{A7EF23C5-AA33-4630-8041-9C7F9BA15FB9}.Release|Any CPU.Build.0 = Release|Any CPU
	EndGlobalSection
	GlobalSection(SolutionProperties) = preSolution
		HideSolutionNode = FALSE
	EndGlobalSection
	GlobalSection(ExtensibilityGlobals) = postSolution
		SolutionGuid = {EACA7E4D-00D2-47CA-90E6-F2BB4CFFAD8C}
	EndGlobalSection
EndGlobal
