
Microsoft Visual Studio Solution File, Format Version 12.00
# Visual Studio Version 17
VisualStudioVersion = 17.9.34714.143
MinimumVisualStudioVersion = 10.0.40219.1
Project("{FAE04EC0-301F-11D3-BF4B-00C04F79EFBC}") = "Pascal's Triangle", "Pascal's Triangle.csproj", "{1B978DF0-21D2-4E2A-9E02-190C8CEE16CA}"
EndProject
Global
	GlobalSection(SolutionConfigurationPlatforms) = preSolution
		Debug|Any CPU = Debug|Any CPU
		Release|Any CPU = Release|Any CPU
	EndGlobalSection
	GlobalSection(ProjectConfigurationPlatforms) = postSolution
		{1B978DF0-21D2-4E2A-9E02-190C8CEE16CA}.Debug|Any CPU.ActiveCfg = Debug|Any CPU
		{1B978DF0-21D2-4E2A-9E02-190C8CEE16CA}.Debug|Any CPU.Build.0 = Debug|Any CPU
		{1B978DF0-21D2-4E2A-9E02-190C8CEE16CA}.Release|Any CPU.ActiveCfg = Release|Any CPU
		{1B978DF0-21D2-4E2A-9E02-190C8CEE16CA}.Release|Any CPU.Build.0 = Release|Any CPU
	EndGlobalSection
	GlobalSection(SolutionProperties) = preSolution
		HideSolutionNode = FALSE
	EndGlobalSection
	GlobalSection(ExtensibilityGlobals) = postSolution
		SolutionGuid = {C62E338C-9611-44DB-B57F-DD54887D9A43}
	EndGlobalSection
EndGlobal
