
Microsoft Visual Studio Solution File, Format Version 12.00
# Visual Studio Version 17
VisualStudioVersion = 17.9.34714.143
MinimumVisualStudioVersion = 10.0.40219.1
Project("{FAE04EC0-301F-11D3-BF4B-00C04F79EFBC}") = "Next Greater Element I", "Next Greater Element I.csproj", "{742CFA77-0986-40EB-B9B1-8F244F6C698B}"
EndProject
Global
	GlobalSection(SolutionConfigurationPlatforms) = preSolution
		Debug|Any CPU = Debug|Any CPU
		Release|Any CPU = Release|Any CPU
	EndGlobalSection
	GlobalSection(ProjectConfigurationPlatforms) = postSolution
		{742CFA77-0986-40EB-B9B1-8F244F6C698B}.Debug|Any CPU.ActiveCfg = Debug|Any CPU
		{742CFA77-0986-40EB-B9B1-8F244F6C698B}.Debug|Any CPU.Build.0 = Debug|Any CPU
		{742CFA77-0986-40EB-B9B1-8F244F6C698B}.Release|Any CPU.ActiveCfg = Release|Any CPU
		{742CFA77-0986-40EB-B9B1-8F244F6C698B}.Release|Any CPU.Build.0 = Release|Any CPU
	EndGlobalSection
	GlobalSection(SolutionProperties) = preSolution
		HideSolutionNode = FALSE
	EndGlobalSection
	GlobalSection(ExtensibilityGlobals) = postSolution
		SolutionGuid = {E146A06D-9F83-40B5-BB7B-6CDE640482D8}
	EndGlobalSection
EndGlobal
