
Microsoft Visual Studio Solution File, Format Version 12.00
# Visual Studio Version 17
VisualStudioVersion = 17.9.34714.143
MinimumVisualStudioVersion = 10.0.40219.1
Project("{FAE04EC0-301F-11D3-BF4B-00C04F79EFBC}") = "Arranging Coins", "Arranging Coins.csproj", "{EA783473-8753-49AC-987D-52E60981CA69}"
EndProject
Global
	GlobalSection(SolutionConfigurationPlatforms) = preSolution
		Debug|Any CPU = Debug|Any CPU
		Release|Any CPU = Release|Any CPU
	EndGlobalSection
	GlobalSection(ProjectConfigurationPlatforms) = postSolution
		{EA783473-8753-49AC-987D-52E60981CA69}.Debug|Any CPU.ActiveCfg = Debug|Any CPU
		{EA783473-8753-49AC-987D-52E60981CA69}.Debug|Any CPU.Build.0 = Debug|Any CPU
		{EA783473-8753-49AC-987D-52E60981CA69}.Release|Any CPU.ActiveCfg = Release|Any CPU
		{EA783473-8753-49AC-987D-52E60981CA69}.Release|Any CPU.Build.0 = Release|Any CPU
	EndGlobalSection
	GlobalSection(SolutionProperties) = preSolution
		HideSolutionNode = FALSE
	EndGlobalSection
	GlobalSection(ExtensibilityGlobals) = postSolution
		SolutionGuid = {7D1BA2AA-3500-4C30-B6DF-6585781B5034}
	EndGlobalSection
EndGlobal
