
Microsoft Visual Studio Solution File, Format Version 12.00
# Visual Studio Version 17
VisualStudioVersion = 17.9.34714.143
MinimumVisualStudioVersion = 10.0.40219.1
Project("{FAE04EC0-301F-11D3-BF4B-00C04F79EFBC}") = "Word Pattern", "Word Pattern.csproj", "{FC2B679E-A1DE-47CC-9D5A-2B88084DA97C}"
EndProject
Global
	GlobalSection(SolutionConfigurationPlatforms) = preSolution
		Debug|Any CPU = Debug|Any CPU
		Release|Any CPU = Release|Any CPU
	EndGlobalSection
	GlobalSection(ProjectConfigurationPlatforms) = postSolution
		{FC2B679E-A1DE-47CC-9D5A-2B88084DA97C}.Debug|Any CPU.ActiveCfg = Debug|Any CPU
		{FC2B679E-A1DE-47CC-9D5A-2B88084DA97C}.Debug|Any CPU.Build.0 = Debug|Any CPU
		{FC2B679E-A1DE-47CC-9D5A-2B88084DA97C}.Release|Any CPU.ActiveCfg = Release|Any CPU
		{FC2B679E-A1DE-47CC-9D5A-2B88084DA97C}.Release|Any CPU.Build.0 = Release|Any CPU
	EndGlobalSection
	GlobalSection(SolutionProperties) = preSolution
		HideSolutionNode = FALSE
	EndGlobalSection
	GlobalSection(ExtensibilityGlobals) = postSolution
		SolutionGuid = {CC1347B9-A85C-429E-AEE0-69F52FB24B8E}
	EndGlobalSection
EndGlobal
