
Microsoft Visual Studio Solution File, Format Version 12.00
# Visual Studio Version 17
VisualStudioVersion = 17.9.34714.143
MinimumVisualStudioVersion = 10.0.40219.1
Project("{FAE04EC0-301F-11D3-BF4B-00C04F79EFBC}") = "Check if Number Has Equal Digit Count and Digit Value", "Check if Number Has Equal Digit Count and Digit Value.csproj", "{EF10A7B2-D96C-4916-8EC1-CAF35C8DDC86}"
EndProject
Global
	GlobalSection(SolutionConfigurationPlatforms) = preSolution
		Debug|Any CPU = Debug|Any CPU
		Release|Any CPU = Release|Any CPU
	EndGlobalSection
	GlobalSection(ProjectConfigurationPlatforms) = postSolution
		{EF10A7B2-D96C-4916-8EC1-CAF35C8DDC86}.Debug|Any CPU.ActiveCfg = Debug|Any CPU
		{EF10A7B2-D96C-4916-8EC1-CAF35C8DDC86}.Debug|Any CPU.Build.0 = Debug|Any CPU
		{EF10A7B2-D96C-4916-8EC1-CAF35C8DDC86}.Release|Any CPU.ActiveCfg = Release|Any CPU
		{EF10A7B2-D96C-4916-8EC1-CAF35C8DDC86}.Release|Any CPU.Build.0 = Release|Any CPU
	EndGlobalSection
	GlobalSection(SolutionProperties) = preSolution
		HideSolutionNode = FALSE
	EndGlobalSection
	GlobalSection(ExtensibilityGlobals) = postSolution
		SolutionGuid = {64A9EC4B-0A2D-4D2A-9BB7-9AB0ACD6416A}
	EndGlobalSection
EndGlobal
