
Microsoft Visual Studio Solution File, Format Version 12.00
# Visual Studio Version 17
VisualStudioVersion = 17.9.34714.143
MinimumVisualStudioVersion = 10.0.40219.1
Project("{FAE04EC0-301F-11D3-BF4B-00C04F79EFBC}") = "Power of Three", "Power of Three.csproj", "{3AD0E80D-2F80-467F-B8CF-FBF79C1EFEDC}"
EndProject
Global
	GlobalSection(SolutionConfigurationPlatforms) = preSolution
		Debug|Any CPU = Debug|Any CPU
		Release|Any CPU = Release|Any CPU
	EndGlobalSection
	GlobalSection(ProjectConfigurationPlatforms) = postSolution
		{3AD0E80D-2F80-467F-B8CF-FBF79C1EFEDC}.Debug|Any CPU.ActiveCfg = Debug|Any CPU
		{3AD0E80D-2F80-467F-B8CF-FBF79C1EFEDC}.Debug|Any CPU.Build.0 = Debug|Any CPU
		{3AD0E80D-2F80-467F-B8CF-FBF79C1EFEDC}.Release|Any CPU.ActiveCfg = Release|Any CPU
		{3AD0E80D-2F80-467F-B8CF-FBF79C1EFEDC}.Release|Any CPU.Build.0 = Release|Any CPU
	EndGlobalSection
	GlobalSection(SolutionProperties) = preSolution
		HideSolutionNode = FALSE
	EndGlobalSection
	GlobalSection(ExtensibilityGlobals) = postSolution
		SolutionGuid = {4025B03B-0A1F-49F5-B81A-2FB1ACA33A4E}
	EndGlobalSection
EndGlobal
