
Microsoft Visual Studio Solution File, Format Version 12.00
# Visual Studio Version 17
VisualStudioVersion = 17.9.34714.143
MinimumVisualStudioVersion = 10.0.40219.1
Project("{FAE04EC0-301F-11D3-BF4B-00C04F79EFBC}") = "SingleNumber", "SingleNumber.csproj", "{A53463D1-37A8-4DB1-A402-18B3AD3A43B9}"
EndProject
Global
	GlobalSection(SolutionConfigurationPlatforms) = preSolution
		Debug|Any CPU = Debug|Any CPU
		Release|Any CPU = Release|Any CPU
	EndGlobalSection
	GlobalSection(ProjectConfigurationPlatforms) = postSolution
		{A53463D1-37A8-4DB1-A402-18B3AD3A43B9}.Debug|Any CPU.ActiveCfg = Debug|Any CPU
		{A53463D1-37A8-4DB1-A402-18B3AD3A43B9}.Debug|Any CPU.Build.0 = Debug|Any CPU
		{A53463D1-37A8-4DB1-A402-18B3AD3A43B9}.Release|Any CPU.ActiveCfg = Release|Any CPU
		{A53463D1-37A8-4DB1-A402-18B3AD3A43B9}.Release|Any CPU.Build.0 = Release|Any CPU
	EndGlobalSection
	GlobalSection(SolutionProperties) = preSolution
		HideSolutionNode = FALSE
	EndGlobalSection
	GlobalSection(ExtensibilityGlobals) = postSolution
		SolutionGuid = {E99881F8-AD31-4905-B84A-ECF3F4B330F2}
	EndGlobalSection
EndGlobal
