
Microsoft Visual Studio Solution File, Format Version 12.00
# Visual Studio Version 17
VisualStudioVersion = 17.9.34714.143
MinimumVisualStudioVersion = 10.0.40219.1
Project("{FAE04EC0-301F-11D3-BF4B-00C04F79EFBC}") = "ValidParentheses", "ValidParentheses.csproj", "{09E4A5BA-5930-4C52-AB9B-A8A925D9A670}"
EndProject
Global
	GlobalSection(SolutionConfigurationPlatforms) = preSolution
		Debug|Any CPU = Debug|Any CPU
		Release|Any CPU = Release|Any CPU
	EndGlobalSection
	GlobalSection(ProjectConfigurationPlatforms) = postSolution
		{09E4A5BA-5930-4C52-AB9B-A8A925D9A670}.Debug|Any CPU.ActiveCfg = Debug|Any CPU
		{09E4A5BA-5930-4C52-AB9B-A8A925D9A670}.Debug|Any CPU.Build.0 = Debug|Any CPU
		{09E4A5BA-5930-4C52-AB9B-A8A925D9A670}.Release|Any CPU.ActiveCfg = Release|Any CPU
		{09E4A5BA-5930-4C52-AB9B-A8A925D9A670}.Release|Any CPU.Build.0 = Release|Any CPU
	EndGlobalSection
	GlobalSection(SolutionProperties) = preSolution
		HideSolutionNode = FALSE
	EndGlobalSection
	GlobalSection(ExtensibilityGlobals) = postSolution
		SolutionGuid = {79DA1073-CF07-4189-937A-86D069884C86}
	EndGlobalSection
EndGlobal
