
Microsoft Visual Studio Solution File, Format Version 12.00
# Visual Studio Version 17
VisualStudioVersion = 17.9.34714.143
MinimumVisualStudioVersion = 10.0.40219.1
Project("{FAE04EC0-301F-11D3-BF4B-00C04F79EFBC}") = "PlusOne", "PlusOne.csproj", "{1C93FE72-BE06-4E68-9639-B29CB7C6116B}"
EndProject
Global
	GlobalSection(SolutionConfigurationPlatforms) = preSolution
		Debug|Any CPU = Debug|Any CPU
		Release|Any CPU = Release|Any CPU
	EndGlobalSection
	GlobalSection(ProjectConfigurationPlatforms) = postSolution
		{1C93FE72-BE06-4E68-9639-B29CB7C6116B}.Debug|Any CPU.ActiveCfg = Debug|Any CPU
		{1C93FE72-BE06-4E68-9639-B29CB7C6116B}.Debug|Any CPU.Build.0 = Debug|Any CPU
		{1C93FE72-BE06-4E68-9639-B29CB7C6116B}.Release|Any CPU.ActiveCfg = Release|Any CPU
		{1C93FE72-BE06-4E68-9639-B29CB7C6116B}.Release|Any CPU.Build.0 = Release|Any CPU
	EndGlobalSection
	GlobalSection(SolutionProperties) = preSolution
		HideSolutionNode = FALSE
	EndGlobalSection
	GlobalSection(ExtensibilityGlobals) = postSolution
		SolutionGuid = {6571E7B9-D880-440D-94D1-4A621EB8F598}
	EndGlobalSection
EndGlobal
