
Microsoft Visual Studio Solution File, Format Version 12.00
# Visual Studio Version 17
VisualStudioVersion = 17.9.34714.143
MinimumVisualStudioVersion = 10.0.40219.1
Project("{FAE04EC0-301F-11D3-BF4B-00C04F79EFBC}") = "RomanToInteger", "RomanToInteger.csproj", "{B119899D-FF70-4C01-9DCD-9CBD7BF59731}"
EndProject
Global
	GlobalSection(SolutionConfigurationPlatforms) = preSolution
		Debug|Any CPU = Debug|Any CPU
		Release|Any CPU = Release|Any CPU
	EndGlobalSection
	GlobalSection(ProjectConfigurationPlatforms) = postSolution
		{B119899D-FF70-4C01-9DCD-9CBD7BF59731}.Debug|Any CPU.ActiveCfg = Debug|Any CPU
		{B119899D-FF70-4C01-9DCD-9CBD7BF59731}.Debug|Any CPU.Build.0 = Debug|Any CPU
		{B119899D-FF70-4C01-9DCD-9CBD7BF59731}.Release|Any CPU.ActiveCfg = Release|Any CPU
		{B119899D-FF70-4C01-9DCD-9CBD7BF59731}.Release|Any CPU.Build.0 = Release|Any CPU
	EndGlobalSection
	GlobalSection(SolutionProperties) = preSolution
		HideSolutionNode = FALSE
	EndGlobalSection
	GlobalSection(ExtensibilityGlobals) = postSolution
		SolutionGuid = {EE558682-5709-4C59-AB1B-F55F9836785E}
	EndGlobalSection
EndGlobal
